
Microsoft Visual Studio Solution File, Format Version 12.00
# Visual Studio Version 16
VisualStudioVersion = 16.0.30621.155
MinimumVisualStudioVersion = 10.0.40219.1
Project("{9A19103F-16F7-4668-BE54-9A1E7A4F7556}") = "PaymentServiceDemo", "PaymentServiceDemo\PaymentServiceDemo.csproj", "{74F537F8-5FD9-40F4-9284-5F19A591ADF4}"
EndProject
Project("{FAE04EC0-301F-11D3-BF4B-00C04F79EFBC}") = "PaymentServiceUnitTest", "PaymentServiceUnitTest\PaymentServiceUnitTest.csproj", "{F6D9A235-2429-4DFF-97F7-D955381982B1}"
EndProject
Project("{FAE04EC0-301F-11D3-BF4B-00C04F79EFBC}") = "PaymentServiceDemo.Business", "PaymentServiceDemo.Business\PaymentServiceDemo.Business.csproj", "{9F626AAE-9D22-4132-94A5-D6E6D04A63AD}"
EndProject
Global
	GlobalSection(SolutionConfigurationPlatforms) = preSolution
		Debug|Any CPU = Debug|Any CPU
		Release|Any CPU = Release|Any CPU
	EndGlobalSection
	GlobalSection(ProjectConfigurationPlatforms) = postSolution
		{74F537F8-5FD9-40F4-9284-5F19A591ADF4}.Debug|Any CPU.ActiveCfg = Debug|Any CPU
		{74F537F8-5FD9-40F4-9284-5F19A591ADF4}.Debug|Any CPU.Build.0 = Debug|Any CPU
		{74F537F8-5FD9-40F4-9284-5F19A591ADF4}.Release|Any CPU.ActiveCfg = Release|Any CPU
		{74F537F8-5FD9-40F4-9284-5F19A591ADF4}.Release|Any CPU.Build.0 = Release|Any CPU
		{F6D9A235-2429-4DFF-97F7-D955381982B1}.Debug|Any CPU.ActiveCfg = Debug|Any CPU
		{F6D9A235-2429-4DFF-97F7-D955381982B1}.Debug|Any CPU.Build.0 = Debug|Any CPU
		{F6D9A235-2429-4DFF-97F7-D955381982B1}.Release|Any CPU.ActiveCfg = Release|Any CPU
		{F6D9A235-2429-4DFF-97F7-D955381982B1}.Release|Any CPU.Build.0 = Release|Any CPU
		{9F626AAE-9D22-4132-94A5-D6E6D04A63AD}.Debug|Any CPU.ActiveCfg = Debug|Any CPU
		{9F626AAE-9D22-4132-94A5-D6E6D04A63AD}.Debug|Any CPU.Build.0 = Debug|Any CPU
		{9F626AAE-9D22-4132-94A5-D6E6D04A63AD}.Release|Any CPU.ActiveCfg = Release|Any CPU
		{9F626AAE-9D22-4132-94A5-D6E6D04A63AD}.Release|Any CPU.Build.0 = Release|Any CPU
	EndGlobalSection
	GlobalSection(SolutionProperties) = preSolution
		HideSolutionNode = FALSE
	EndGlobalSection
	GlobalSection(ExtensibilityGlobals) = postSolution
		SolutionGuid = {B9AF2993-1F76-424B-8FF8-DFA34A85D36C}
	EndGlobalSection
EndGlobal
